// !$*UTF8*$!
{
	archiveVersion = 1;
	classes = {
	};
	objectVersion = 46;
	objects = {

/* Begin PBXBuildFile section */
		D4A115BF18A91D4A0064DA96 /* Foundation.framework in Frameworks */ = {isa = PBXBuildFile; fileRef = D4A115BE18A91D4A0064DA96 /* Foundation.framework */; };
		D4A115C118A91D4A0064DA96 /* CoreGraphics.framework in Frameworks */ = {isa = PBXBuildFile; fileRef = D4A115C018A91D4A0064DA96 /* CoreGraphics.framework */; };
		D4A115C318A91D4A0064DA96 /* UIKit.framework in Frameworks */ = {isa = PBXBuildFile; fileRef = D4A115C218A91D4A0064DA96 /* UIKit.framework */; };
		D4A115C918A91D4A0064DA96 /* InfoPlist.strings in Resources */ = {isa = PBXBuildFile; fileRef = D4A115C718A91D4A0064DA96 /* InfoPlist.strings */; };
		D4A115CB18A91D4A0064DA96 /* main.m in Sources */ = {isa = PBXBuildFile; fileRef = D4A115CA18A91D4A0064DA96 /* main.m */; };
		D4A115CF18A91D4A0064DA96 /* AppDelegate.m in Sources */ = {isa = PBXBuildFile; fileRef = D4A115CE18A91D4A0064DA96 /* AppDelegate.m */; };
		D4A115D218A91D4A0064DA96 /* Main.storyboard in Resources */ = {isa = PBXBuildFile; fileRef = D4A115D018A91D4A0064DA96 /* Main.storyboard */; };
		D4A115D518A91D4A0064DA96 /* ViewController.m in Sources */ = {isa = PBXBuildFile; fileRef = D4A115D418A91D4A0064DA96 /* ViewController.m */; };
		D4A115D718A91D4A0064DA96 /* Images.xcassets in Resources */ = {isa = PBXBuildFile; fileRef = D4A115D618A91D4A0064DA96 /* Images.xcassets */; };
		D4A115DE18A91D4A0064DA96 /* XCTest.framework in Frameworks */ = {isa = PBXBuildFile; fileRef = D4A115DD18A91D4A0064DA96 /* XCTest.framework */; };
		D4A115DF18A91D4A0064DA96 /* Foundation.framework in Frameworks */ = {isa = PBXBuildFile; fileRef = D4A115BE18A91D4A0064DA96 /* Foundation.framework */; };
		D4A115E018A91D4A0064DA96 /* UIKit.framework in Frameworks */ = {isa = PBXBuildFile; fileRef = D4A115C218A91D4A0064DA96 /* UIKit.framework */; };
		D4A115E818A91D4A0064DA96 /* InfoPlist.strings in Resources */ = {isa = PBXBuildFile; fileRef = D4A115E618A91D4A0064DA96 /* InfoPlist.strings */; };
		D4A115EA18A91D4A0064DA96 /* AFNetWorkDemoTests.m in Sources */ = {isa = PBXBuildFile; fileRef = D4A115E918A91D4A0064DA96 /* AFNetWorkDemoTests.m */; };
/* End PBXBuildFile section */

/* Begin PBXContainerItemProxy section */
		D4A115E118A91D4A0064DA96 /* PBXContainerItemProxy */ = {
			isa = PBXContainerItemProxy;
			containerPortal = D4A115B318A91D4A0064DA96 /* Project object */;
			proxyType = 1;
			remoteGlobalIDString = D4A115BA18A91D4A0064DA96;
			remoteInfo = AFNetWorkDemo;
		};
/* End PBXContainerItemProxy section */

/* Begin PBXFileReference section */
		D4A115BB18A91D4A0064DA96 /* AFNetWorkDemo.app */ = {isa = PBXFileReference; explicitFileType = wrapper.application; includeInIndex = 0; path = AFNetWorkDemo.app; sourceTree = BUILT_PRODUCTS_DIR; };
		D4A115BE18A91D4A0064DA96 /* Foundation.framework */ = {isa = PBXFileReference; lastKnownFileType = wrapper.framework; name = Foundation.framework; path = System/Library/Frameworks/Foundation.framework; sourceTree = SDKROOT; };
		D4A115C018A91D4A0064DA96 /* CoreGraphics.framework */ = {isa = PBXFileReference; lastKnownFileType = wrapper.framework; name = CoreGraphics.framework; path = System/Library/Frameworks/CoreGraphics.framework; sourceTree = SDKROOT; };
		D4A115C218A91D4A0064DA96 /* UIKit.framework */ = {isa = PBXFileReference; lastKnownFileType = wrapper.framework; name = UIKit.framework; path = System/Library/Frameworks/UIKit.framework; sourceTree = SDKROOT; };
		D4A115C618A91D4A0064DA96 /* AFNetWorkDemo-Info.plist */ = {isa = PBXFileReference; lastKnownFileType = text.plist.xml; path = "AFNetWorkDemo-Info.plist"; sourceTree = "<group>"; };
		D4A115C818A91D4A0064DA96 /* en */ = {isa = PBXFileReference; lastKnownFileType = text.plist.strings; name = en; path = en.lproj/InfoPlist.strings; sourceTree = "<group>"; };
		D4A115CA18A91D4A0064DA96 /* main.m */ = {isa = PBXFileReference; lastKnownFileType = sourcecode.c.objc; path = main.m; sourceTree = "<group>"; };
		D4A115CC18A91D4A0064DA96 /* AFNetWorkDemo-Prefix.pch */ = {isa = PBXFileReference; lastKnownFileType = sourcecode.c.h; path = "AFNetWorkDemo-Prefix.pch"; sourceTree = "<group>"; };
		D4A115CD18A91D4A0064DA96 /* AppDelegate.h */ = {isa = PBXFileReference; lastKnownFileType = sourcecode.c.h; path = AppDelegate.h; sourceTree = "<group>"; };
		D4A115CE18A91D4A0064DA96 /* AppDelegate.m */ = {isa = PBXFileReference; lastKnownFileType = sourcecode.c.objc; path = AppDelegate.m; sourceTree = "<group>"; };
		D4A115D118A91D4A0064DA96 /* Base */ = {isa = PBXFileReference; lastKnownFileType = file.storyboard; name = Base; path = Base.lproj/Main.storyboard; sourceTree = "<group>"; };
		D4A115D318A91D4A0064DA96 /* ViewController.h */ = {isa = PBXFileReference; lastKnownFileType = sourcecode.c.h; path = ViewController.h; sourceTree = "<group>"; };
		D4A115D418A91D4A0064DA96 /* ViewController.m */ = {isa = PBXFileReference; lastKnownFileType = sourcecode.c.objc; path = ViewController.m; sourceTree = "<group>"; };
		D4A115D618A91D4A0064DA96 /* Images.xcassets */ = {isa = PBXFileReference; lastKnownFileType = folder.assetcatalog; path = Images.xcassets; sourceTree = "<group>"; };
		D4A115DC18A91D4A0064DA96 /* AFNetWorkDemoTests.xctest */ = {isa = PBXFileReference; explicitFileType = wrapper.cfbundle; includeInIndex = 0; path = AFNetWorkDemoTests.xctest; sourceTree = BUILT_PRODUCTS_DIR; };
		D4A115DD18A91D4A0064DA96 /* XCTest.framework */ = {isa = PBXFileReference; lastKnownFileType = wrapper.framework; name = XCTest.framework; path = Library/Frameworks/XCTest.framework; sourceTree = DEVELOPER_DIR; };
		D4A115E518A91D4A0064DA96 /* AFNetWorkDemoTests-Info.plist */ = {isa = PBXFileReference; lastKnownFileType = text.plist.xml; path = "AFNetWorkDemoTests-Info.plist"; sourceTree = "<group>"; };
		D4A115E718A91D4A0064DA96 /* en */ = {isa = PBXFileReference; lastKnownFileType = text.plist.strings; name = en; path = en.lproj/InfoPlist.strings; sourceTree = "<group>"; };
		D4A115E918A91D4A0064DA96 /* AFNetWorkDemoTests.m */ = {isa = PBXFileReference; lastKnownFileType = sourcecode.c.objc; path = AFNetWorkDemoTests.m; sourceTree = "<group>"; };
/* End PBXFileReference section */

/* Begin PBXFrameworksBuildPhase section */
		D4A115B818A91D4A0064DA96 /* Frameworks */ = {
			isa = PBXFrameworksBuildPhase;
			buildActionMask = 2147483647;
			files = (
				D4A115C118A91D4A0064DA96 /* CoreGraphics.framework in Frameworks */,
				D4A115C318A91D4A0064DA96 /* UIKit.framework in Frameworks */,
				D4A115BF18A91D4A0064DA96 /* Foundation.framework in Frameworks */,
			);
			runOnlyForDeploymentPostprocessing = 0;
		};
		D4A115D918A91D4A0064DA96 /* Frameworks */ = {
			isa = PBXFrameworksBuildPhase;
			buildActionMask = 2147483647;
			files = (
				D4A115DE18A91D4A0064DA96 /* XCTest.framework in Frameworks */,
				D4A115E018A91D4A0064DA96 /* UIKit.framework in Frameworks */,
				D4A115DF18A91D4A0064DA96 /* Foundation.framework in Frameworks */,
			);
			runOnlyForDeploymentPostprocessing = 0;
		};
/* End PBXFrameworksBuildPhase section */

/* Begin PBXGroup section */
		D4A115B218A91D4A0064DA96 = {
			isa = PBXGroup;
			children = (
				D4A115C418A91D4A0064DA96 /* AFNetWorkDemo */,
				D4A115E318A91D4A0064DA96 /* AFNetWorkDemoTests */,
				D4A115BD18A91D4A0064DA96 /* Frameworks */,
				D4A115BC18A91D4A0064DA96 /* Products */,
			);
			sourceTree = "<group>";
		};
		D4A115BC18A91D4A0064DA96 /* Products */ = {
			isa = PBXGroup;
			children = (
				D4A115BB18A91D4A0064DA96 /* AFNetWorkDemo.app */,
				D4A115DC18A91D4A0064DA96 /* AFNetWorkDemoTests.xctest */,
			);
			name = Products;
			sourceTree = "<group>";
		};
		D4A115BD18A91D4A0064DA96 /* Frameworks */ = {
			isa = PBXGroup;
			children = (
				D4A115BE18A91D4A0064DA96 /* Foundation.framework */,
				D4A115C018A91D4A0064DA96 /* CoreGraphics.framework */,
				D4A115C218A91D4A0064DA96 /* UIKit.framework */,
				D4A115DD18A91D4A0064DA96 /* XCTest.framework */,
			);
			name = Frameworks;
			sourceTree = "<group>";
		};
		D4A115C418A91D4A0064DA96 /* AFNetWorkDemo */ = {
			isa = PBXGroup;
			children = (
				D4A115CD18A91D4A0064DA96 /* AppDelegate.h */,
				D4A115CE18A91D4A0064DA96 /* AppDelegate.m */,
				D4A115D018A91D4A0064DA96 /* Main.storyboard */,
				D4A115D318A91D4A0064DA96 /* ViewController.h */,
				D4A115D418A91D4A0064DA96 /* ViewController.m */,
				D4A115D618A91D4A0064DA96 /* Images.xcassets */,
				D4A115C518A91D4A0064DA96 /* Supporting Files */,
			);
			path = AFNetWorkDemo;
			sourceTree = "<group>";
		};
		D4A115C518A91D4A0064DA96 /* Supporting Files */ = {
			isa = PBXGroup;
			children = (
				D4A115C618A91D4A0064DA96 /* AFNetWorkDemo-Info.plist */,
				D4A115C718A91D4A0064DA96 /* InfoPlist.strings */,
				D4A115CA18A91D4A0064DA96 /* main.m */,
				D4A115CC18A91D4A0064DA96 /* AFNetWorkDemo-Prefix.pch */,
			);
			name = "Supporting Files";
			sourceTree = "<group>";
		};
		D4A115E318A91D4A0064DA96 /* AFNetWorkDemoTests */ = {
			isa = PBXGroup;
			children = (
				D4A115E918A91D4A0064DA96 /* AFNetWorkDemoTests.m */,
				D4A115E418A91D4A0064DA96 /* Supporting Files */,
			);
			path = AFNetWorkDemoTests;
			sourceTree = "<group>";
		};
		D4A115E418A91D4A0064DA96 /* Supporting Files */ = {
			isa = PBXGroup;
			children = (
				D4A115E518A91D4A0064DA96 /* AFNetWorkDemoTests-Info.plist */,
				D4A115E618A91D4A0064DA96 /* InfoPlist.strings */,
			);
			name = "Supporting Files";
			sourceTree = "<group>";
		};
/* End PBXGroup section */

/* Begin PBXNativeTarget section */
		D4A115BA18A91D4A0064DA96 /* AFNetWorkDemo */ = {
			isa = PBXNativeTarget;
			buildConfigurationList = D4A115ED18A91D4A0064DA96 /* Build configuration list for PBXNativeTarget "AFNetWorkDemo" */;
			buildPhases = (
				D4A115B718A91D4A0064DA96 /* Sources */,
				D4A115B818A91D4A0064DA96 /* Frameworks */,
				D4A115B918A91D4A0064DA96 /* Resources */,
			);
			buildRules = (
			);
			dependencies = (
			);
			name = AFNetWorkDemo;
			productName = AFNetWorkDemo;
			productReference = D4A115BB18A91D4A0064DA96 /* AFNetWorkDemo.app */;
			productType = "com.apple.product-type.application";
		};
		D4A115DB18A91D4A0064DA96 /* AFNetWorkDemoTests */ = {
			isa = PBXNativeTarget;
			buildConfigurationList = D4A115F018A91D4A0064DA96 /* Build configuration list for PBXNativeTarget "AFNetWorkDemoTests" */;
			buildPhases = (
				D4A115D818A91D4A0064DA96 /* Sources */,
				D4A115D918A91D4A0064DA96 /* Frameworks */,
				D4A115DA18A91D4A0064DA96 /* Resources */,
			);
			buildRules = (
			);
			dependencies = (
				D4A115E218A91D4A0064DA96 /* PBXTargetDependency */,
			);
			name = AFNetWorkDemoTests;
			productName = AFNetWorkDemoTests;
			productReference = D4A115DC18A91D4A0064DA96 /* AFNetWorkDemoTests.xctest */;
			productType = "com.apple.product-type.bundle.unit-test";
		};
/* End PBXNativeTarget section */

/* Begin PBXProject section */
		D4A115B318A91D4A0064DA96 /* Project object */ = {
			isa = PBXProject;
			attributes = {
				LastUpgradeCheck = 0500;
				ORGANIZATIONNAME = Joey;
				TargetAttributes = {
					D4A115DB18A91D4A0064DA96 = {
						TestTargetID = D4A115BA18A91D4A0064DA96;
					};
				};
			};
			buildConfigurationList = D4A115B618A91D4A0064DA96 /* Build configuration list for PBXProject "AFNetWorkDemo" */;
			compatibilityVersion = "Xcode 3.2";
			developmentRegion = English;
			hasScannedForEncodings = 0;
			knownRegions = (
				en,
				Base,
			);
			mainGroup = D4A115B218A91D4A0064DA96;
			productRefGroup = D4A115BC18A91D4A0064DA96 /* Products */;
			projectDirPath = "";
			projectRoot = "";
			targets = (
				D4A115BA18A91D4A0064DA96 /* AFNetWorkDemo */,
				D4A115DB18A91D4A0064DA96 /* AFNetWorkDemoTests */,
			);
		};
/* End PBXProject section */

/* Begin PBXResourcesBuildPhase section */
		D4A115B918A91D4A0064DA96 /* Resources */ = {
			isa = PBXResourcesBuildPhase;
			buildActionMask = 2147483647;
			files = (
				D4A115D718A91D4A0064DA96 /* Images.xcassets in Resources */,
				D4A115C918A91D4A0064DA96 /* InfoPlist.strings in Resources */,
				D4A115D218A91D4A0064DA96 /* Main.storyboard in Resources */,
			);
			runOnlyForDeploymentPostprocessing = 0;
		};
		D4A115DA18A91D4A0064DA96 /* Resources */ = {
			isa = PBXResourcesBuildPhase;
			buildActionMask = 2147483647;
			files = (
				D4A115E818A91D4A0064DA96 /* InfoPlist.strings in Resources */,
			);
			runOnlyForDeploymentPostprocessing = 0;
		};
/* End PBXResourcesBuildPhase section */

/* Begin PBXSourcesBuildPhase section */
		D4A115B718A91D4A0064DA96 /* Sources */ = {
			isa = PBXSourcesBuildPhase;
			buildActionMask = 2147483647;
			files = (
				D4A115D518A91D4A0064DA96 /* ViewController.m in Sources */,
				D4A115CF18A91D4A0064DA96 /* AppDelegate.m in Sources */,
				D4A115CB18A91D4A0064DA96 /* main.m in Sources */,
			);
			runOnlyForDeploymentPostprocessing = 0;
		};
		D4A115D818A91D4A0064DA96 /* Sources */ = {
			isa = PBXSourcesBuildPhase;
			buildActionMask = 2147483647;
			files = (
				D4A115EA18A91D4A0064DA96 /* AFNetWorkDemoTests.m in Sources */,
			);
			runOnlyForDeploymentPostprocessing = 0;
		};
/* End PBXSourcesBuildPhase section */

/* Begin PBXTargetDependency section */
		D4A115E218A91D4A0064DA96 /* PBXTargetDependency */ = {
			isa = PBXTargetDependency;
			target = D4A115BA18A91D4A0064DA96 /* AFNetWorkDemo */;
			targetProxy = D4A115E118A91D4A0064DA96 /* PBXContainerItemProxy */;
		};
/* End PBXTargetDependency section */

/* Begin PBXVariantGroup section */
		D4A115C718A91D4A0064DA96 /* InfoPlist.strings */ = {
			isa = PBXVariantGroup;
			children = (
				D4A115C818A91D4A0064DA96 /* en */,
			);
			name = InfoPlist.strings;
			sourceTree = "<group>";
		};
		D4A115D018A91D4A0064DA96 /* Main.storyboard */ = {
			isa = PBXVariantGroup;
			children = (
				D4A115D118A91D4A0064DA96 /* Base */,
			);
			name = Main.storyboard;
			sourceTree = "<group>";
		};
		D4A115E618A91D4A0064DA96 /* InfoPlist.strings */ = {
			isa = PBXVariantGroup;
			children = (
				D4A115E718A91D4A0064DA96 /* en */,
			);
			name = InfoPlist.strings;
			sourceTree = "<group>";
		};
/* End PBXVariantGroup section */

/* Begin XCBuildConfiguration section */
		D4A115EB18A91D4A0064DA96 /* Debug */ = {
			isa = XCBuildConfiguration;
			buildSettings = {
				ALWAYS_SEARCH_USER_PATHS = NO;
				ARCHS = "$(ARCHS_STANDARD_INCLUDING_64_BIT)";
				CLANG_CXX_LANGUAGE_STANDARD = "gnu++0x";
				CLANG_CXX_LIBRARY = "libc++";
				CLANG_ENABLE_MODULES = YES;
				CLANG_ENABLE_OBJC_ARC = YES;
				CLANG_WARN_BOOL_CONVERSION = YES;
				CLANG_WARN_CONSTANT_CONVERSION = YES;
				CLANG_WARN_DIRECT_OBJC_ISA_USAGE = YES_ERROR;
				CLANG_WARN_EMPTY_BODY = YES;
				CLANG_WARN_ENUM_CONVERSION = YES;
				CLANG_WARN_INT_CONVERSION = YES;
				CLANG_WARN_OBJC_ROOT_CLASS = YES_ERROR;
				CLANG_WARN__DUPLICATE_METHOD_MATCH = YES;
				"CODE_SIGN_IDENTITY[sdk=iphoneos*]" = "iPhone Developer";
				COPY_PHASE_STRIP = NO;
				GCC_C_LANGUAGE_STANDARD = gnu99;
				GCC_DYNAMIC_NO_PIC = NO;
				GCC_OPTIMIZATION_LEVEL = 0;
				GCC_PREPROCESSOR_DEFINITIONS = (
					"DEBUG=1",
					"$(inherited)",
				);
				GCC_SYMBOLS_PRIVATE_EXTERN = NO;
				GCC_WARN_64_TO_32_BIT_CONVERSION = YES;
				GCC_WARN_ABOUT_RETURN_TYPE = YES_ERROR;
				GCC_WARN_UNDECLARED_SELECTOR = YES;
				GCC_WARN_UNINITIALIZED_AUTOS = YES;
				GCC_WARN_UNUSED_FUNCTION = YES;
				GCC_WARN_UNUSED_VARIABLE = YES;
				IPHONEOS_DEPLOYMENT_TARGET = 7.0;
				ONLY_ACTIVE_ARCH = YES;
				SDKROOT = iphoneos;
			};
			name = Debug;
		};
		D4A115EC18A91D4A0064DA96 /* Release */ = {
			isa = XCBuildConfiguration;
			buildSettings = {
				ALWAYS_SEARCH_USER_PATHS = NO;
				ARCHS = "$(ARCHS_STANDARD_INCLUDING_64_BIT)";
				CLANG_CXX_LANGUAGE_STANDARD = "gnu++0x";
				CLANG_CXX_LIBRARY = "libc++";
				CLANG_ENABLE_MODULES = YES;
				CLANG_ENABLE_OBJC_ARC = YES;
				CLANG_WARN_BOOL_CONVERSION = YES;
				CLANG_WARN_CONSTANT_CONVERSION = YES;
				CLANG_WARN_DIRECT_OBJC_ISA_USAGE = YES_ERROR;
				CLANG_WARN_EMPTY_BODY = YES;
				CLANG_WARN_ENUM_CONVERSION = YES;
				CLANG_WARN_INT_CONVERSION = YES;
				CLANG_WARN_OBJC_ROOT_CLASS = YES_ERROR;
				CLANG_WARN__DUPLICATE_METHOD_MATCH = YES;
				"CODE_SIGN_IDENTITY[sdk=iphoneos*]" = "iPhone Developer";
				COPY_PHASE_STRIP = YES;
				ENABLE_NS_ASSERTIONS = NO;
				GCC_C_LANGUAGE_STANDARD = gnu99;
				GCC_WARN_64_TO_32_BIT_CONVERSION = YES;
				GCC_WARN_ABOUT_RETURN_TYPE = YES_ERROR;
				GCC_WARN_UNDECLARED_SELECTOR = YES;
				GCC_WARN_UNINITIALIZED_AUTOS = YES;
				GCC_WARN_UNUSED_FUNCTION = YES;
				GCC_WARN_UNUSED_VARIABLE = YES;
				IPHONEOS_DEPLOYMENT_TARGET = 7.0;
				SDKROOT = iphoneos;
				VALIDATE_PRODUCT = YES;
			};
			name = Release;
		};
		D4A115EE18A91D4A0064DA96 /* Debug */ = {
			isa = XCBuildConfiguration;
			buildSettings = {
				ASSETCATALOG_COMPILER_APPICON_NAME = AppIcon;
				ASSETCATALOG_COMPILER_LAUNCHIMAGE_NAME = LaunchImage;
				GCC_PRECOMPILE_PREFIX_HEADER = YES;
				GCC_PREFIX_HEADER = "AFNetWorkDemo/AFNetWorkDemo-Prefix.pch";
				INFOPLIST_FILE = "AFNetWorkDemo/AFNetWorkDemo-Info.plist";
				PRODUCT_NAME = "$(TARGET_NAME)";
				WRAPPER_EXTENSION = app;
			};
			name = Debug;
		};
		D4A115EF18A91D4A0064DA96 /* Release */ = {
			isa = XCBuildConfiguration;
			buildSettings = {
				ASSETCATALOG_COMPILER_APPICON_NAME = AppIcon;
				ASSETCATALOG_COMPILER_LAUNCHIMAGE_NAME = LaunchImage;
				GCC_PRECOMPILE_PREFIX_HEADER = YES;
				GCC_PREFIX_HEADER = "AFNetWorkDemo/AFNetWorkDemo-Prefix.pch";
				INFOPLIST_FILE = "AFNetWorkDemo/AFNetWorkDemo-Info.plist";
				PRODUCT_NAME = "$(TARGET_NAME)";
				WRAPPER_EXTENSION = app;
			};
			name = Release;
		};
		D4A115F118A91D4A0064DA96 /* Debug */ = {
			isa = XCBuildConfiguration;
			buildSettings = {
				ARCHS = "$(ARCHS_STANDARD_INCLUDING_64_BIT)";
				BUNDLE_LOADER = "$(BUILT_PRODUCTS_DIR)/AFNetWorkDemo.app/AFNetWorkDemo";
				FRAMEWORK_SEARCH_PATHS = (
					"$(SDKROOT)/Developer/Library/Frameworks",
					"$(inherited)",
					"$(DEVELOPER_FRAMEWORKS_DIR)",
				);
				GCC_PRECOMPILE_PREFIX_HEADER = YES;
				GCC_PREFIX_HEADER = "AFNetWorkDemo/AFNetWorkDemo-Prefix.pch";
				GCC_PREPROCESSOR_DEFINITIONS = (
					"DEBUG=1",
					"$(inherited)",
				);
				INFOPLIST_FILE = "AFNetWorkDemoTests/AFNetWorkDemoTests-Info.plist";
				PRODUCT_NAME = "$(TARGET_NAME)";
				TEST_HOST = "$(BUNDLE_LOADER)";
				WRAPPER_EXTENSION = xctest;
			};
			name = Debug;
		};
		D4A115F218A91D4A0064DA96 /* Release */ = {
			isa = XCBuildConfiguration;
			buildSettings = {
				ARCHS = "$(ARCHS_STANDARD_INCLUDING_64_BIT)";
				BUNDLE_LOADER = "$(BUILT_PRODUCTS_DIR)/AFNetWorkDemo.app/AFNetWorkDemo";
				FRAMEWORK_SEARCH_PATHS = (
					"$(SDKROOT)/Developer/Library/Frameworks",
					"$(inherited)",
					"$(DEVELOPER_FRAMEWORKS_DIR)",
				);
				GCC_PRECOMPILE_PREFIX_HEADER = YES;
				GCC_PREFIX_HEADER = "AFNetWorkDemo/AFNetWorkDemo-Prefix.pch";
				INFOPLIST_FILE = "AFNetWorkDemoTests/AFNetWorkDemoTests-Info.plist";
				PRODUCT_NAME = "$(TARGET_NAME)";
				TEST_HOST = "$(BUNDLE_LOADER)";
				WRAPPER_EXTENSION = xctest;
			};
			name = Release;
		};
/* End XCBuildConfiguration section */

/* Begin XCConfigurationList section */
		D4A115B618A91D4A0064DA96 /* Build configuration list for PBXProject "AFNetWorkDemo" */ = {
			isa = XCConfigurationList;
			buildConfigurations = (
				D4A115EB18A91D4A0064DA96 /* Debug */,
				D4A115EC18A91D4A0064DA96 /* Release */,
			);
			defaultConfigurationIsVisible = 0;
			defaultConfigurationName = Release;
		};
		D4A115ED18A91D4A0064DA96 /* Build configuration list for PBXNativeTarget "AFNetWorkDemo" */ = {
			isa = XCConfigurationList;
			buildConfigurations = (
				D4A115EE18A91D4A0064DA96 /* Debug */,
				D4A115EF18A91D4A0064DA96 /* Release */,
			);
			defaultConfigurationIsVisible = 0;
		};
		D4A115F018A91D4A0064DA96 /* Build configuration list for PBXNativeTarget "AFNetWorkDemoTests" */ = {
			isa = XCConfigurationList;
			buildConfigurations = (
				D4A115F118A91D4A0064DA96 /* Debug */,
				D4A115F218A91D4A0064DA96 /* Release */,
			);
			defaultConfigurationIsVisible = 0;
		};
/* End XCConfigurationList section */
	};
	rootObject = D4A115B318A91D4A0064DA96 /* Project object */;
}
